// !$*UTF8*$!
{
	archiveVersion = 1;
	classes = {
	};
	objectVersion = 48;
	objects = {

/* Begin PBXBuildFile section */
		12AD3E2A20389BA500D6A27B /* width.png in Resources */ = {isa = PBXBuildFile; fileRef = 12AD3E1420389BA500D6A27B /* width.png */; };
		12AD3E2B20389BA500D6A27B /* DarkOrange.png in Resources */ = {isa = PBXBuildFile; fileRef = 12AD3E1520389BA500D6A27B /* DarkOrange.png */; };
		12AD3E2C20389BA500D6A27B /* Save-Small.png in Resources */ = {isa = PBXBuildFile; fileRef = 12AD3E1620389BA500D6A27B /* Save-Small.png */; };
		12AD3E2D20389BA500D6A27B /* Yellow.png in Resources */ = {isa = PBXBuildFile; fileRef = 12AD3E1720389BA500D6A27B /* Yellow.png */; };
		12AD3E2E20389BA500D6A27B /* Blue.png in Resources */ = {isa = PBXBuildFile; fileRef = 12AD3E1820389BA500D6A27B /* Blue.png */; };
		12AD3E2F20389BA500D6A27B /* reset-Small.png in Resources */ = {isa = PBXBuildFile; fileRef = 12AD3E1920389BA500D6A27B /* reset-Small.png */; };
		12AD3E3020389BA500D6A27B /* Black.png in Resources */ = {isa = PBXBuildFile; fileRef = 12AD3E1A20389BA500D6A27B /* Black.png */; };
		12AD3E3120389BA500D6A27B /* Custom-Color.png in Resources */ = {isa = PBXBuildFile; fileRef = 12AD3E1B20389BA500D6A27B /* Custom-Color.png */; };
		12AD3E3220389BA500D6A27B /* Eraser.png in Resources */ = {isa = PBXBuildFile; fileRef = 12AD3E1C20389BA500D6A27B /* Eraser.png */; };
		12AD3E3320389BA500D6A27B /* Setting-1.png in Resources */ = {isa = PBXBuildFile; fileRef = 12AD3E1D20389BA500D6A27B /* Setting-1.png */; };
		12AD3E3420389BA500D6A27B /* Setting-2.png in Resources */ = {isa = PBXBuildFile; fileRef = 12AD3E1E20389BA500D6A27B /* Setting-2.png */; };
		12AD3E3520389BA500D6A27B /* LightGreen.png in Resources */ = {isa = PBXBuildFile; fileRef = 12AD3E1F20389BA500D6A27B /* LightGreen.png */; };
		12AD3E3620389BA500D6A27B /* Grey.png in Resources */ = {isa = PBXBuildFile; fileRef = 12AD3E2020389BA500D6A27B /* Grey.png */; };
		12AD3E3720389BA500D6A27B /* thickness.png in Resources */ = {isa = PBXBuildFile; fileRef = 12AD3E2120389BA500D6A27B /* thickness.png */; };
		12AD3E3820389BA500D6A27B /* b.png in Resources */ = {isa = PBXBuildFile; fileRef = 12AD3E2220389BA500D6A27B /* b.png */; };
		12AD3E3920389BA500D6A27B /* DarkGreen.png in Resources */ = {isa = PBXBuildFile; fileRef = 12AD3E2320389BA500D6A27B /* DarkGreen.png */; };
		12AD3E3A20389BA500D6A27B /* Brown.png in Resources */ = {isa = PBXBuildFile; fileRef = 12AD3E2420389BA500D6A27B /* Brown.png */; };
		12AD3E3B20389BA500D6A27B /* LightBlue.png in Resources */ = {isa = PBXBuildFile; fileRef = 12AD3E2520389BA500D6A27B /* LightBlue.png */; };
		12AD3E3C20389BA500D6A27B /* r.png in Resources */ = {isa = PBXBuildFile; fileRef = 12AD3E2620389BA500D6A27B /* r.png */; };
		12AD3E3D20389BA500D6A27B /* g.png in Resources */ = {isa = PBXBuildFile; fileRef = 12AD3E2720389BA500D6A27B /* g.png */; };
		12AD3E3E20389BA500D6A27B /* Opacity.png in Resources */ = {isa = PBXBuildFile; fileRef = 12AD3E2820389BA500D6A27B /* Opacity.png */; };
		12AD3E3F20389BA500D6A27B /* Red.png in Resources */ = {isa = PBXBuildFile; fileRef = 12AD3E2920389BA500D6A27B /* Red.png */; };
		12AD3E412038F0E000D6A27B /* ReticleView.swift in Sources */ = {isa = PBXBuildFile; fileRef = 12AD3E402038F0E000D6A27B /* ReticleView.swift */; };
		12AD3E432038F10C00D6A27B /* CanvasView.swift in Sources */ = {isa = PBXBuildFile; fileRef = 12AD3E422038F10C00D6A27B /* CanvasView.swift */; };
		12E407A620384BC600BB3D60 /* AppDelegate.swift in Sources */ = {isa = PBXBuildFile; fileRef = 12E407A520384BC600BB3D60 /* AppDelegate.swift */; };
		12E407A820384BC600BB3D60 /* ViewController.swift in Sources */ = {isa = PBXBuildFile; fileRef = 12E407A720384BC600BB3D60 /* ViewController.swift */; };
		12E407AB20384BC600BB3D60 /* Main.storyboard in Resources */ = {isa = PBXBuildFile; fileRef = 12E407A920384BC600BB3D60 /* Main.storyboard */; };
		12E407AD20384BC600BB3D60 /* Assets.xcassets in Resources */ = {isa = PBXBuildFile; fileRef = 12E407AC20384BC600BB3D60 /* Assets.xcassets */; };
		12E407B020384BC600BB3D60 /* LaunchScreen.storyboard in Resources */ = {isa = PBXBuildFile; fileRef = 12E407AE20384BC600BB3D60 /* LaunchScreen.storyboard */; };
		12E407BB20384BC600BB3D60 /* TeachTests.swift in Sources */ = {isa = PBXBuildFile; fileRef = 12E407BA20384BC600BB3D60 /* TeachTests.swift */; };
		12E407C620384BC600BB3D60 /* TeachUITests.swift in Sources */ = {isa = PBXBuildFile; fileRef = 12E407C520384BC600BB3D60 /* TeachUITests.swift */; };
		12E61A3F203859F800DAED0E /* HomeViewController.swift in Sources */ = {isa = PBXBuildFile; fileRef = 12E61A3E203859F800DAED0E /* HomeViewController.swift */; };
		12E61A41203893BF00DAED0E /* DrawViewController.swift in Sources */ = {isa = PBXBuildFile; fileRef = 12E61A40203893BF00DAED0E /* DrawViewController.swift */; };
/* End PBXBuildFile section */

/* Begin PBXContainerItemProxy section */
		12E407B720384BC600BB3D60 /* PBXContainerItemProxy */ = {
			isa = PBXContainerItemProxy;
			containerPortal = 12E4079A20384BC500BB3D60 /* Project object */;
			proxyType = 1;
			remoteGlobalIDString = 12E407A120384BC600BB3D60;
			remoteInfo = Teach;
		};
		12E407C220384BC600BB3D60 /* PBXContainerItemProxy */ = {
			isa = PBXContainerItemProxy;
			containerPortal = 12E4079A20384BC500BB3D60 /* Project object */;
			proxyType = 1;
			remoteGlobalIDString = 12E407A120384BC600BB3D60;
			remoteInfo = Teach;
		};
/* End PBXContainerItemProxy section */

/* Begin PBXFileReference section */
		12AD3E1420389BA500D6A27B /* width.png */ = {isa = PBXFileReference; lastKnownFileType = image.png; path = width.png; sourceTree = "<group>"; };
		12AD3E1520389BA500D6A27B /* DarkOrange.png */ = {isa = PBXFileReference; lastKnownFileType = image.png; path = DarkOrange.png; sourceTree = "<group>"; };
		12AD3E1620389BA500D6A27B /* Save-Small.png */ = {isa = PBXFileReference; lastKnownFileType = image.png; path = "Save-Small.png"; sourceTree = "<group>"; };
		12AD3E1720389BA500D6A27B /* Yellow.png */ = {isa = PBXFileReference; lastKnownFileType = image.png; path = Yellow.png; sourceTree = "<group>"; };
		12AD3E1820389BA500D6A27B /* Blue.png */ = {isa = PBXFileReference; lastKnownFileType = image.png; path = Blue.png; sourceTree = "<group>"; };
		12AD3E1920389BA500D6A27B /* reset-Small.png */ = {isa = PBXFileReference; lastKnownFileType = image.png; path = "reset-Small.png"; sourceTree = "<group>"; };
		12AD3E1A20389BA500D6A27B /* Black.png */ = {isa = PBXFileReference; lastKnownFileType = image.png; path = Black.png; sourceTree = "<group>"; };
		12AD3E1B20389BA500D6A27B /* Custom-Color.png */ = {isa = PBXFileReference; lastKnownFileType = image.png; path = "Custom-Color.png"; sourceTree = "<group>"; };
		12AD3E1C20389BA500D6A27B /* Eraser.png */ = {isa = PBXFileReference; lastKnownFileType = image.png; path = Eraser.png; sourceTree = "<group>"; };
		12AD3E1D20389BA500D6A27B /* Setting-1.png */ = {isa = PBXFileReference; lastKnownFileType = image.png; path = "Setting-1.png"; sourceTree = "<group>"; };
		12AD3E1E20389BA500D6A27B /* Setting-2.png */ = {isa = PBXFileReference; lastKnownFileType = image.png; path = "Setting-2.png"; sourceTree = "<group>"; };
		12AD3E1F20389BA500D6A27B /* LightGreen.png */ = {isa = PBXFileReference; lastKnownFileType = image.png; path = LightGreen.png; sourceTree = "<group>"; };
		12AD3E2020389BA500D6A27B /* Grey.png */ = {isa = PBXFileReference; lastKnownFileType = image.png; path = Grey.png; sourceTree = "<group>"; };
		12AD3E2120389BA500D6A27B /* thickness.png */ = {isa = PBXFileReference; lastKnownFileType = image.png; path = thickness.png; sourceTree = "<group>"; };
		12AD3E2220389BA500D6A27B /* b.png */ = {isa = PBXFileReference; lastKnownFileType = image.png; path = b.png; sourceTree = "<group>"; };
		12AD3E2320389BA500D6A27B /* DarkGreen.png */ = {isa = PBXFileReference; lastKnownFileType = image.png; path = DarkGreen.png; sourceTree = "<group>"; };
		12AD3E2420389BA500D6A27B /* Brown.png */ = {isa = PBXFileReference; lastKnownFileType = image.png; path = Brown.png; sourceTree = "<group>"; };
		12AD3E2520389BA500D6A27B /* LightBlue.png */ = {isa = PBXFileReference; lastKnownFileType = image.png; path = LightBlue.png; sourceTree = "<group>"; };
		12AD3E2620389BA500D6A27B /* r.png */ = {isa = PBXFileReference; lastKnownFileType = image.png; path = r.png; sourceTree = "<group>"; };
		12AD3E2720389BA500D6A27B /* g.png */ = {isa = PBXFileReference; lastKnownFileType = image.png; path = g.png; sourceTree = "<group>"; };
		12AD3E2820389BA500D6A27B /* Opacity.png */ = {isa = PBXFileReference; lastKnownFileType = image.png; path = Opacity.png; sourceTree = "<group>"; };
		12AD3E2920389BA500D6A27B /* Red.png */ = {isa = PBXFileReference; lastKnownFileType = image.png; path = Red.png; sourceTree = "<group>"; };
		12AD3E402038F0E000D6A27B /* ReticleView.swift */ = {isa = PBXFileReference; lastKnownFileType = sourcecode.swift; path = ReticleView.swift; sourceTree = "<group>"; };
		12AD3E422038F10C00D6A27B /* CanvasView.swift */ = {isa = PBXFileReference; lastKnownFileType = sourcecode.swift; path = CanvasView.swift; sourceTree = "<group>"; };
		12E407A220384BC600BB3D60 /* Teach.app */ = {isa = PBXFileReference; explicitFileType = wrapper.application; includeInIndex = 0; path = Teach.app; sourceTree = BUILT_PRODUCTS_DIR; };
		12E407A520384BC600BB3D60 /* AppDelegate.swift */ = {isa = PBXFileReference; lastKnownFileType = sourcecode.swift; path = AppDelegate.swift; sourceTree = "<group>"; };
		12E407A720384BC600BB3D60 /* ViewController.swift */ = {isa = PBXFileReference; lastKnownFileType = sourcecode.swift; path = ViewController.swift; sourceTree = "<group>"; };
		12E407AA20384BC600BB3D60 /* Base */ = {isa = PBXFileReference; lastKnownFileType = file.storyboard; name = Base; path = Base.lproj/Main.storyboard; sourceTree = "<group>"; };
		12E407AC20384BC600BB3D60 /* Assets.xcassets */ = {isa = PBXFileReference; lastKnownFileType = folder.assetcatalog; path = Assets.xcassets; sourceTree = "<group>"; };
		12E407AF20384BC600BB3D60 /* Base */ = {isa = PBXFileReference; lastKnownFileType = file.storyboard; name = Base; path = Base.lproj/LaunchScreen.storyboard; sourceTree = "<group>"; };
		12E407B120384BC600BB3D60 /* Info.plist */ = {isa = PBXFileReference; lastKnownFileType = text.plist.xml; path = Info.plist; sourceTree = "<group>"; };
		12E407B620384BC600BB3D60 /* TeachTests.xctest */ = {isa = PBXFileReference; explicitFileType = wrapper.cfbundle; includeInIndex = 0; path = TeachTests.xctest; sourceTree = BUILT_PRODUCTS_DIR; };
		12E407BA20384BC600BB3D60 /* TeachTests.swift */ = {isa = PBXFileReference; lastKnownFileType = sourcecode.swift; path = TeachTests.swift; sourceTree = "<group>"; };
		12E407BC20384BC600BB3D60 /* Info.plist */ = {isa = PBXFileReference; lastKnownFileType = text.plist.xml; path = Info.plist; sourceTree = "<group>"; };
		12E407C120384BC600BB3D60 /* TeachUITests.xctest */ = {isa = PBXFileReference; explicitFileType = wrapper.cfbundle; includeInIndex = 0; path = TeachUITests.xctest; sourceTree = BUILT_PRODUCTS_DIR; };
		12E407C520384BC600BB3D60 /* TeachUITests.swift */ = {isa = PBXFileReference; lastKnownFileType = sourcecode.swift; path = TeachUITests.swift; sourceTree = "<group>"; };
		12E407C720384BC600BB3D60 /* Info.plist */ = {isa = PBXFileReference; lastKnownFileType = text.plist.xml; path = Info.plist; sourceTree = "<group>"; };
		12E61A3E203859F800DAED0E /* HomeViewController.swift */ = {isa = PBXFileReference; lastKnownFileType = sourcecode.swift; path = HomeViewController.swift; sourceTree = "<group>"; };
		12E61A40203893BF00DAED0E /* DrawViewController.swift */ = {isa = PBXFileReference; lastKnownFileType = sourcecode.swift; path = DrawViewController.swift; sourceTree = "<group>"; };
/* End PBXFileReference section */

/* Begin PBXFrameworksBuildPhase section */
		12E4079F20384BC600BB3D60 /* Frameworks */ = {
			isa = PBXFrameworksBuildPhase;
			buildActionMask = 2147483647;
			files = (
			);
			runOnlyForDeploymentPostprocessing = 0;
		};
		12E407B320384BC600BB3D60 /* Frameworks */ = {
			isa = PBXFrameworksBuildPhase;
			buildActionMask = 2147483647;
			files = (
			);
			runOnlyForDeploymentPostprocessing = 0;
		};
		12E407BE20384BC600BB3D60 /* Frameworks */ = {
			isa = PBXFrameworksBuildPhase;
			buildActionMask = 2147483647;
			files = (
			);
			runOnlyForDeploymentPostprocessing = 0;
		};
/* End PBXFrameworksBuildPhase section */

/* Begin PBXGroup section */
		12AD3E1320389BA500D6A27B /* Graphics */ = {
			isa = PBXGroup;
			children = (
				12AD3E1420389BA500D6A27B /* width.png */,
				12AD3E1520389BA500D6A27B /* DarkOrange.png */,
				12AD3E1620389BA500D6A27B /* Save-Small.png */,
				12AD3E1720389BA500D6A27B /* Yellow.png */,
				12AD3E1820389BA500D6A27B /* Blue.png */,
				12AD3E1920389BA500D6A27B /* reset-Small.png */,
				12AD3E1A20389BA500D6A27B /* Black.png */,
				12AD3E1B20389BA500D6A27B /* Custom-Color.png */,
				12AD3E1C20389BA500D6A27B /* Eraser.png */,
				12AD3E1D20389BA500D6A27B /* Setting-1.png */,
				12AD3E1E20389BA500D6A27B /* Setting-2.png */,
				12AD3E1F20389BA500D6A27B /* LightGreen.png */,
				12AD3E2020389BA500D6A27B /* Grey.png */,
				12AD3E2120389BA500D6A27B /* thickness.png */,
				12AD3E2220389BA500D6A27B /* b.png */,
				12AD3E2320389BA500D6A27B /* DarkGreen.png */,
				12AD3E2420389BA500D6A27B /* Brown.png */,
				12AD3E2520389BA500D6A27B /* LightBlue.png */,
				12AD3E2620389BA500D6A27B /* r.png */,
				12AD3E2720389BA500D6A27B /* g.png */,
				12AD3E2820389BA500D6A27B /* Opacity.png */,
				12AD3E2920389BA500D6A27B /* Red.png */,
			);
			name = Graphics;
			path = Teach/Graphics;
			sourceTree = "<group>";
		};
		12E4079920384BC500BB3D60 = {
			isa = PBXGroup;
			children = (
				12E407A420384BC600BB3D60 /* Teach */,
				12E407B920384BC600BB3D60 /* TeachTests */,
				12E407C420384BC600BB3D60 /* TeachUITests */,
				12E407A320384BC600BB3D60 /* Products */,
				12AD3E1320389BA500D6A27B /* Graphics */,
			);
			sourceTree = "<group>";
		};
		12E407A320384BC600BB3D60 /* Products */ = {
			isa = PBXGroup;
			children = (
				12E407A220384BC600BB3D60 /* Teach.app */,
				12E407B620384BC600BB3D60 /* TeachTests.xctest */,
				12E407C120384BC600BB3D60 /* TeachUITests.xctest */,
			);
			name = Products;
			sourceTree = "<group>";
		};
		12E407A420384BC600BB3D60 /* Teach */ = {
			isa = PBXGroup;
			children = (
				12E407A520384BC600BB3D60 /* AppDelegate.swift */,
				12E407A920384BC600BB3D60 /* Main.storyboard */,
				12E407A720384BC600BB3D60 /* ViewController.swift */,
				12E61A40203893BF00DAED0E /* DrawViewController.swift */,
				12E61A3E203859F800DAED0E /* HomeViewController.swift */,
				12E407AC20384BC600BB3D60 /* Assets.xcassets */,
				12E407AE20384BC600BB3D60 /* LaunchScreen.storyboard */,
				12E407B120384BC600BB3D60 /* Info.plist */,
				12AD3E402038F0E000D6A27B /* ReticleView.swift */,
				12AD3E422038F10C00D6A27B /* CanvasView.swift */,
			);
			path = Teach;
			sourceTree = "<group>";
		};
		12E407B920384BC600BB3D60 /* TeachTests */ = {
			isa = PBXGroup;
			children = (
				12E407BA20384BC600BB3D60 /* TeachTests.swift */,
				12E407BC20384BC600BB3D60 /* Info.plist */,
			);
			path = TeachTests;
			sourceTree = "<group>";
		};
		12E407C420384BC600BB3D60 /* TeachUITests */ = {
			isa = PBXGroup;
			children = (
				12E407C520384BC600BB3D60 /* TeachUITests.swift */,
				12E407C720384BC600BB3D60 /* Info.plist */,
			);
			path = TeachUITests;
			sourceTree = "<group>";
		};
/* End PBXGroup section */

/* Begin PBXNativeTarget section */
		12E407A120384BC600BB3D60 /* Teach */ = {
			isa = PBXNativeTarget;
			buildConfigurationList = 12E407CA20384BC600BB3D60 /* Build configuration list for PBXNativeTarget "Teach" */;
			buildPhases = (
				12E4079E20384BC600BB3D60 /* Sources */,
				12E4079F20384BC600BB3D60 /* Frameworks */,
				12E407A020384BC600BB3D60 /* Resources */,
			);
			buildRules = (
			);
			dependencies = (
			);
			name = Teach;
			productName = Teach;
			productReference = 12E407A220384BC600BB3D60 /* Teach.app */;
			productType = "com.apple.product-type.application";
		};
		12E407B520384BC600BB3D60 /* TeachTests */ = {
			isa = PBXNativeTarget;
			buildConfigurationList = 12E407CD20384BC600BB3D60 /* Build configuration list for PBXNativeTarget "TeachTests" */;
			buildPhases = (
				12E407B220384BC600BB3D60 /* Sources */,
				12E407B320384BC600BB3D60 /* Frameworks */,
				12E407B420384BC600BB3D60 /* Resources */,
			);
			buildRules = (
			);
			dependencies = (
				12E407B820384BC600BB3D60 /* PBXTargetDependency */,
			);
			name = TeachTests;
			productName = TeachTests;
			productReference = 12E407B620384BC600BB3D60 /* TeachTests.xctest */;
			productType = "com.apple.product-type.bundle.unit-test";
		};
		12E407C020384BC600BB3D60 /* TeachUITests */ = {
			isa = PBXNativeTarget;
			buildConfigurationList = 12E407D020384BC600BB3D60 /* Build configuration list for PBXNativeTarget "TeachUITests" */;
			buildPhases = (
				12E407BD20384BC600BB3D60 /* Sources */,
				12E407BE20384BC600BB3D60 /* Frameworks */,
				12E407BF20384BC600BB3D60 /* Resources */,
			);
			buildRules = (
			);
			dependencies = (
				12E407C320384BC600BB3D60 /* PBXTargetDependency */,
			);
			name = TeachUITests;
			productName = TeachUITests;
			productReference = 12E407C120384BC600BB3D60 /* TeachUITests.xctest */;
			productType = "com.apple.product-type.bundle.ui-testing";
		};
/* End PBXNativeTarget section */

/* Begin PBXProject section */
		12E4079A20384BC500BB3D60 /* Project object */ = {
			isa = PBXProject;
			attributes = {
				LastSwiftUpdateCheck = 0920;
				LastUpgradeCheck = 0920;
				ORGANIZATIONNAME = "Stephanie Lampotang";
				TargetAttributes = {
					12E407A120384BC600BB3D60 = {
						CreatedOnToolsVersion = 9.2;
						ProvisioningStyle = Automatic;
					};
					12E407B520384BC600BB3D60 = {
						CreatedOnToolsVersion = 9.2;
						ProvisioningStyle = Automatic;
						TestTargetID = 12E407A120384BC600BB3D60;
					};
					12E407C020384BC600BB3D60 = {
						CreatedOnToolsVersion = 9.2;
						ProvisioningStyle = Automatic;
						TestTargetID = 12E407A120384BC600BB3D60;
					};
				};
			};
			buildConfigurationList = 12E4079D20384BC500BB3D60 /* Build configuration list for PBXProject "Teach" */;
			compatibilityVersion = "Xcode 8.0";
			developmentRegion = en;
			hasScannedForEncodings = 0;
			knownRegions = (
				en,
				Base,
			);
			mainGroup = 12E4079920384BC500BB3D60;
			productRefGroup = 12E407A320384BC600BB3D60 /* Products */;
			projectDirPath = "";
			projectRoot = "";
			targets = (
				12E407A120384BC600BB3D60 /* Teach */,
				12E407B520384BC600BB3D60 /* TeachTests */,
				12E407C020384BC600BB3D60 /* TeachUITests */,
			);
		};
/* End PBXProject section */

/* Begin PBXResourcesBuildPhase section */
		12E407A020384BC600BB3D60 /* Resources */ = {
			isa = PBXResourcesBuildPhase;
			buildActionMask = 2147483647;
			files = (
				12AD3E3C20389BA500D6A27B /* r.png in Resources */,
				12AD3E3F20389BA500D6A27B /* Red.png in Resources */,
				12AD3E3A20389BA500D6A27B /* Brown.png in Resources */,
				12AD3E3520389BA500D6A27B /* LightGreen.png in Resources */,
				12AD3E2C20389BA500D6A27B /* Save-Small.png in Resources */,
				12AD3E3620389BA500D6A27B /* Grey.png in Resources */,
				12AD3E3020389BA500D6A27B /* Black.png in Resources */,
				12AD3E2A20389BA500D6A27B /* width.png in Resources */,
				12AD3E3D20389BA500D6A27B /* g.png in Resources */,
				12E407B020384BC600BB3D60 /* LaunchScreen.storyboard in Resources */,
				12AD3E3820389BA500D6A27B /* b.png in Resources */,
				12AD3E3320389BA500D6A27B /* Setting-1.png in Resources */,
				12AD3E2E20389BA500D6A27B /* Blue.png in Resources */,
				12AD3E2D20389BA500D6A27B /* Yellow.png in Resources */,
				12AD3E3420389BA500D6A27B /* Setting-2.png in Resources */,
				12E407AD20384BC600BB3D60 /* Assets.xcassets in Resources */,
				12AD3E3E20389BA500D6A27B /* Opacity.png in Resources */,
				12AD3E3720389BA500D6A27B /* thickness.png in Resources */,
				12AD3E3920389BA500D6A27B /* DarkGreen.png in Resources */,
				12AD3E3220389BA500D6A27B /* Eraser.png in Resources */,
				12AD3E3120389BA500D6A27B /* Custom-Color.png in Resources */,
				12E407AB20384BC600BB3D60 /* Main.storyboard in Resources */,
				12AD3E2B20389BA500D6A27B /* DarkOrange.png in Resources */,
				12AD3E3B20389BA500D6A27B /* LightBlue.png in Resources */,
				12AD3E2F20389BA500D6A27B /* reset-Small.png in Resources */,
			);
			runOnlyForDeploymentPostprocessing = 0;
		};
		12E407B420384BC600BB3D60 /* Resources */ = {
			isa = PBXResourcesBuildPhase;
			buildActionMask = 2147483647;
			files = (
			);
			runOnlyForDeploymentPostprocessing = 0;
		};
		12E407BF20384BC600BB3D60 /* Resources */ = {
			isa = PBXResourcesBuildPhase;
			buildActionMask = 2147483647;
			files = (
			);
			runOnlyForDeploymentPostprocessing = 0;
		};
/* End PBXResourcesBuildPhase section */

/* Begin PBXSourcesBuildPhase section */
		12E4079E20384BC600BB3D60 /* Sources */ = {
			isa = PBXSourcesBuildPhase;
			buildActionMask = 2147483647;
			files = (
				12AD3E412038F0E000D6A27B /* ReticleView.swift in Sources */,
				12E61A41203893BF00DAED0E /* DrawViewController.swift in Sources */,
				12AD3E432038F10C00D6A27B /* CanvasView.swift in Sources */,
				12E407A820384BC600BB3D60 /* ViewController.swift in Sources */,
				12E407A620384BC600BB3D60 /* AppDelegate.swift in Sources */,
				12E61A3F203859F800DAED0E /* HomeViewController.swift in Sources */,
			);
			runOnlyForDeploymentPostprocessing = 0;
		};
		12E407B220384BC600BB3D60 /* Sources */ = {
			isa = PBXSourcesBuildPhase;
			buildActionMask = 2147483647;
			files = (
				12E407BB20384BC600BB3D60 /* TeachTests.swift in Sources */,
			);
			runOnlyForDeploymentPostprocessing = 0;
		};
		12E407BD20384BC600BB3D60 /* Sources */ = {
			isa = PBXSourcesBuildPhase;
			buildActionMask = 2147483647;
			files = (
				12E407C620384BC600BB3D60 /* TeachUITests.swift in Sources */,
			);
			runOnlyForDeploymentPostprocessing = 0;
		};
/* End PBXSourcesBuildPhase section */

/* Begin PBXTargetDependency section */
		12E407B820384BC600BB3D60 /* PBXTargetDependency */ = {
			isa = PBXTargetDependency;
			target = 12E407A120384BC600BB3D60 /* Teach */;
			targetProxy = 12E407B720384BC600BB3D60 /* PBXContainerItemProxy */;
		};
		12E407C320384BC600BB3D60 /* PBXTargetDependency */ = {
			isa = PBXTargetDependency;
			target = 12E407A120384BC600BB3D60 /* Teach */;
			targetProxy = 12E407C220384BC600BB3D60 /* PBXContainerItemProxy */;
		};
/* End PBXTargetDependency section */

/* Begin PBXVariantGroup section */
		12E407A920384BC600BB3D60 /* Main.storyboard */ = {
			isa = PBXVariantGroup;
			children = (
				12E407AA20384BC600BB3D60 /* Base */,
			);
			name = Main.storyboard;
			sourceTree = "<group>";
		};
		12E407AE20384BC600BB3D60 /* LaunchScreen.storyboard */ = {
			isa = PBXVariantGroup;
			children = (
				12E407AF20384BC600BB3D60 /* Base */,
			);
			name = LaunchScreen.storyboard;
			sourceTree = "<group>";
		};
/* End PBXVariantGroup section */

/* Begin XCBuildConfiguration section */
		12E407C820384BC600BB3D60 /* Debug */ = {
			isa = XCBuildConfiguration;
			buildSettings = {
				ALWAYS_SEARCH_USER_PATHS = NO;
				CLANG_ANALYZER_NONNULL = YES;
				CLANG_ANALYZER_NUMBER_OBJECT_CONVERSION = YES_AGGRESSIVE;
				CLANG_CXX_LANGUAGE_STANDARD = "gnu++14";
				CLANG_CXX_LIBRARY = "libc++";
				CLANG_ENABLE_MODULES = YES;
				CLANG_ENABLE_OBJC_ARC = YES;
				CLANG_WARN_BLOCK_CAPTURE_AUTORELEASING = YES;
				CLANG_WARN_BOOL_CONVERSION = YES;
				CLANG_WARN_COMMA = YES;
				CLANG_WARN_CONSTANT_CONVERSION = YES;
				CLANG_WARN_DIRECT_OBJC_ISA_USAGE = YES_ERROR;
				CLANG_WARN_DOCUMENTATION_COMMENTS = YES;
				CLANG_WARN_EMPTY_BODY = YES;
				CLANG_WARN_ENUM_CONVERSION = YES;
				CLANG_WARN_INFINITE_RECURSION = YES;
				CLANG_WARN_INT_CONVERSION = YES;
				CLANG_WARN_NON_LITERAL_NULL_CONVERSION = YES;
				CLANG_WARN_OBJC_LITERAL_CONVERSION = YES;
				CLANG_WARN_OBJC_ROOT_CLASS = YES_ERROR;
				CLANG_WARN_RANGE_LOOP_ANALYSIS = YES;
				CLANG_WARN_STRICT_PROTOTYPES = YES;
				CLANG_WARN_SUSPICIOUS_MOVE = YES;
				CLANG_WARN_UNGUARDED_AVAILABILITY = YES_AGGRESSIVE;
				CLANG_WARN_UNREACHABLE_CODE = YES;
				CLANG_WARN__DUPLICATE_METHOD_MATCH = YES;
				CODE_SIGN_IDENTITY = "iPhone Developer";
				COPY_PHASE_STRIP = NO;
				DEBUG_INFORMATION_FORMAT = dwarf;
				ENABLE_STRICT_OBJC_MSGSEND = YES;
				ENABLE_TESTABILITY = YES;
				GCC_C_LANGUAGE_STANDARD = gnu11;
				GCC_DYNAMIC_NO_PIC = NO;
				GCC_NO_COMMON_BLOCKS = YES;
				GCC_OPTIMIZATION_LEVEL = 0;
				GCC_PREPROCESSOR_DEFINITIONS = (
					"DEBUG=1",
					"$(inherited)",
				);
				GCC_WARN_64_TO_32_BIT_CONVERSION = YES;
				GCC_WARN_ABOUT_RETURN_TYPE = YES_ERROR;
				GCC_WARN_UNDECLARED_SELECTOR = YES;
				GCC_WARN_UNINITIALIZED_AUTOS = YES_AGGRESSIVE;
				GCC_WARN_UNUSED_FUNCTION = YES;
				GCC_WARN_UNUSED_VARIABLE = YES;
				IPHONEOS_DEPLOYMENT_TARGET = 11.2;
				MTL_ENABLE_DEBUG_INFO = YES;
				ONLY_ACTIVE_ARCH = YES;
				SDKROOT = iphoneos;
				SWIFT_ACTIVE_COMPILATION_CONDITIONS = DEBUG;
				SWIFT_OPTIMIZATION_LEVEL = "-Onone";
			};
			name = Debug;
		};
		12E407C920384BC600BB3D60 /* Release */ = {
			isa = XCBuildConfiguration;
			buildSettings = {
				ALWAYS_SEARCH_USER_PATHS = NO;
				CLANG_ANALYZER_NONNULL = YES;
				CLANG_ANALYZER_NUMBER_OBJECT_CONVERSION = YES_AGGRESSIVE;
				CLANG_CXX_LANGUAGE_STANDARD = "gnu++14";
				CLANG_CXX_LIBRARY = "libc++";
				CLANG_ENABLE_MODULES = YES;
				CLANG_ENABLE_OBJC_ARC = YES;
				CLANG_WARN_BLOCK_CAPTURE_AUTORELEASING = YES;
				CLANG_WARN_BOOL_CONVERSION = YES;
				CLANG_WARN_COMMA = YES;
				CLANG_WARN_CONSTANT_CONVERSION = YES;
				CLANG_WARN_DIRECT_OBJC_ISA_USAGE = YES_ERROR;
				CLANG_WARN_DOCUMENTATION_COMMENTS = YES;
				CLANG_WARN_EMPTY_BODY = YES;
				CLANG_WARN_ENUM_CONVERSION = YES;
				CLANG_WARN_INFINITE_RECURSION = YES;
				CLANG_WARN_INT_CONVERSION = YES;
				CLANG_WARN_NON_LITERAL_NULL_CONVERSION = YES;
				CLANG_WARN_OBJC_LITERAL_CONVERSION = YES;
				CLANG_WARN_OBJC_ROOT_CLASS = YES_ERROR;
				CLANG_WARN_RANGE_LOOP_ANALYSIS = YES;
				CLANG_WARN_STRICT_PROTOTYPES = YES;
				CLANG_WARN_SUSPICIOUS_MOVE = YES;
				CLANG_WARN_UNGUARDED_AVAILABILITY = YES_AGGRESSIVE;
				CLANG_WARN_UNREACHABLE_CODE = YES;
				CLANG_WARN__DUPLICATE_METHOD_MATCH = YES;
				CODE_SIGN_IDENTITY = "iPhone Developer";
				COPY_PHASE_STRIP = NO;
				DEBUG_INFORMATION_FORMAT = "dwarf-with-dsym";
				ENABLE_NS_ASSERTIONS = NO;
				ENABLE_STRICT_OBJC_MSGSEND = YES;
				GCC_C_LANGUAGE_STANDARD = gnu11;
				GCC_NO_COMMON_BLOCKS = YES;
				GCC_WARN_64_TO_32_BIT_CONVERSION = YES;
				GCC_WARN_ABOUT_RETURN_TYPE = YES_ERROR;
				GCC_WARN_UNDECLARED_SELECTOR = YES;
				GCC_WARN_UNINITIALIZED_AUTOS = YES_AGGRESSIVE;
				GCC_WARN_UNUSED_FUNCTION = YES;
				GCC_WARN_UNUSED_VARIABLE = YES;
				IPHONEOS_DEPLOYMENT_TARGET = 11.2;
				MTL_ENABLE_DEBUG_INFO = NO;
				SDKROOT = iphoneos;
				SWIFT_OPTIMIZATION_LEVEL = "-Owholemodule";
				VALIDATE_PRODUCT = YES;
			};
			name = Release;
		};
		12E407CB20384BC600BB3D60 /* Debug */ = {
			isa = XCBuildConfiguration;
			buildSettings = {
				ASSETCATALOG_COMPILER_APPICON_NAME = AppIcon;
				CODE_SIGN_STYLE = Automatic;
				DEVELOPMENT_TEAM = 6VXY7J79LR;
				INFOPLIST_FILE = Teach/Info.plist;
				LD_RUNPATH_SEARCH_PATHS = "$(inherited) @executable_path/Frameworks";
				PRODUCT_BUNDLE_IDENTIFIER = sgl.Teach;
				PRODUCT_NAME = "$(TARGET_NAME)";
				SWIFT_VERSION = 4.0;
				TARGETED_DEVICE_FAMILY = "1,2";
			};
			name = Debug;
		};
		12E407CC20384BC600BB3D60 /* Release */ = {
			isa = XCBuildConfiguration;
			buildSettings = {
				ASSETCATALOG_COMPILER_APPICON_NAME = AppIcon;
				CODE_SIGN_STYLE = Automatic;
				DEVELOPMENT_TEAM = 6VXY7J79LR;
				INFOPLIST_FILE = Teach/Info.plist;
				LD_RUNPATH_SEARCH_PATHS = "$(inherited) @executable_path/Frameworks";
				PRODUCT_BUNDLE_IDENTIFIER = sgl.Teach;
				PRODUCT_NAME = "$(TARGET_NAME)";
				SWIFT_VERSION = 4.0;
				TARGETED_DEVICE_FAMILY = "1,2";
			};
			name = Release;
		};
		12E407CE20384BC600BB3D60 /* Debug */ = {
			isa = XCBuildConfiguration;
			buildSettings = {
				ALWAYS_EMBED_SWIFT_STANDARD_LIBRARIES = YES;
				BUNDLE_LOADER = "$(TEST_HOST)";
				CODE_SIGN_STYLE = Automatic;
				DEVELOPMENT_TEAM = 6VXY7J79LR;
				INFOPLIST_FILE = TeachTests/Info.plist;
				LD_RUNPATH_SEARCH_PATHS = "$(inherited) @executable_path/Frameworks @loader_path/Frameworks";
				PRODUCT_BUNDLE_IDENTIFIER = sgl.TeachTests;
				PRODUCT_NAME = "$(TARGET_NAME)";
				SWIFT_VERSION = 4.0;
				TARGETED_DEVICE_FAMILY = "1,2";
				TEST_HOST = "$(BUILT_PRODUCTS_DIR)/Teach.app/Teach";
			};
			name = Debug;
		};
		12E407CF20384BC600BB3D60 /* Release */ = {
			isa = XCBuildConfiguration;
			buildSettings = {
				ALWAYS_EMBED_SWIFT_STANDARD_LIBRARIES = YES;
				BUNDLE_LOADER = "$(TEST_HOST)";
				CODE_SIGN_STYLE = Automatic;
				DEVELOPMENT_TEAM = 6VXY7J79LR;
				INFOPLIST_FILE = TeachTests/Info.plist;
				LD_RUNPATH_SEARCH_PATHS = "$(inherited) @executable_path/Frameworks @loader_path/Frameworks";
				PRODUCT_BUNDLE_IDENTIFIER = sgl.TeachTests;
				PRODUCT_NAME = "$(TARGET_NAME)";
				SWIFT_VERSION = 4.0;
				TARGETED_DEVICE_FAMILY = "1,2";
				TEST_HOST = "$(BUILT_PRODUCTS_DIR)/Teach.app/Teach";
			};
			name = Release;
		};
		12E407D120384BC600BB3D60 /* Debug */ = {
			isa = XCBuildConfiguration;
			buildSettings = {
				ALWAYS_EMBED_SWIFT_STANDARD_LIBRARIES = YES;
				CODE_SIGN_STYLE = Automatic;
				DEVELOPMENT_TEAM = 6VXY7J79LR;
				INFOPLIST_FILE = TeachUITests/Info.plist;
				LD_RUNPATH_SEARCH_PATHS = "$(inherited) @executable_path/Frameworks @loader_path/Frameworks";
				PRODUCT_BUNDLE_IDENTIFIER = sgl.TeachUITests;
				PRODUCT_NAME = "$(TARGET_NAME)";
				SWIFT_VERSION = 4.0;
				TARGETED_DEVICE_FAMILY = "1,2";
				TEST_TARGET_NAME = Teach;
			};
			name = Debug;
		};
		12E407D220384BC600BB3D60 /* Release */ = {
			isa = XCBuildConfiguration;
			buildSettings = {
				ALWAYS_EMBED_SWIFT_STANDARD_LIBRARIES = YES;
				CODE_SIGN_STYLE = Automatic;
				DEVELOPMENT_TEAM = 6VXY7J79LR;
				INFOPLIST_FILE = TeachUITests/Info.plist;
				LD_RUNPATH_SEARCH_PATHS = "$(inherited) @executable_path/Frameworks @loader_path/Frameworks";
				PRODUCT_BUNDLE_IDENTIFIER = sgl.TeachUITests;
				PRODUCT_NAME = "$(TARGET_NAME)";
				SWIFT_VERSION = 4.0;
				TARGETED_DEVICE_FAMILY = "1,2";
				TEST_TARGET_NAME = Teach;
			};
			name = Release;
		};
/* End XCBuildConfiguration section */

/* Begin XCConfigurationList section */
		12E4079D20384BC500BB3D60 /* Build configuration list for PBXProject "Teach" */ = {
			isa = XCConfigurationList;
			buildConfigurations = (
				12E407C820384BC600BB3D60 /* Debug */,
				12E407C920384BC600BB3D60 /* Release */,
			);
			defaultConfigurationIsVisible = 0;
			defaultConfigurationName = Release;
		};
		12E407CA20384BC600BB3D60 /* Build configuration list for PBXNativeTarget "Teach" */ = {
			isa = XCConfigurationList;
			buildConfigurations = (
				12E407CB20384BC600BB3D60 /* Debug */,
				12E407CC20384BC600BB3D60 /* Release */,
			);
			defaultConfigurationIsVisible = 0;
			defaultConfigurationName = Release;
		};
		12E407CD20384BC600BB3D60 /* Build configuration list for PBXNativeTarget "TeachTests" */ = {
			isa = XCConfigurationList;
			buildConfigurations = (
				12E407CE20384BC600BB3D60 /* Debug */,
				12E407CF20384BC600BB3D60 /* Release */,
			);
			defaultConfigurationIsVisible = 0;
			defaultConfigurationName = Release;
		};
		12E407D020384BC600BB3D60 /* Build configuration list for PBXNativeTarget "TeachUITests" */ = {
			isa = XCConfigurationList;
			buildConfigurations = (
				12E407D120384BC600BB3D60 /* Debug */,
				12E407D220384BC600BB3D60 /* Release */,
			);
			defaultConfigurationIsVisible = 0;
			defaultConfigurationName = Release;
		};
/* End XCConfigurationList section */
	};
	rootObject = 12E4079A20384BC500BB3D60 /* Project object */;
}
